
Microsoft Visual Studio Solution File, Format Version 12.00
# Visual Studio Version 17
VisualStudioVersion = 17.14.36203.30 d17.14
MinimumVisualStudioVersion = 10.0.40219.1
Project("{FAE04EC0-301F-11D3-BF4B-00C04F79EFBC}") = "ChronosHubTest", "ChronosHubTest\ChronosHubTest.csproj", "{81EAECF8-048F-48C6-9F42-7ACE488E16FD}"
EndProject
Global
	GlobalSection(SolutionConfigurationPlatforms) = preSolution
		Debug|Any CPU = Debug|Any CPU
		Release|Any CPU = Release|Any CPU
	EndGlobalSection
	GlobalSection(ProjectConfigurationPlatforms) = postSolution
		{81EAECF8-048F-48C6-9F42-7ACE488E16FD}.Debug|Any CPU.ActiveCfg = Debug|Any CPU
		{81EAECF8-048F-48C6-9F42-7ACE488E16FD}.Debug|Any CPU.Build.0 = Debug|Any CPU
		{81EAECF8-048F-48C6-9F42-7ACE488E16FD}.Release|Any CPU.ActiveCfg = Release|Any CPU
		{81EAECF8-048F-48C6-9F42-7ACE488E16FD}.Release|Any CPU.Build.0 = Release|Any CPU
	EndGlobalSection
	GlobalSection(SolutionProperties) = preSolution
		HideSolutionNode = FALSE
	EndGlobalSection
	GlobalSection(ExtensibilityGlobals) = postSolution
		SolutionGuid = {4003E865-3524-4FF5-B643-4F5B62030DB9}
	EndGlobalSection
EndGlobal
